
Microsoft Visual Studio Solution File, Format Version 12.00
# Visual Studio 15
VisualStudioVersion = 15.0.27004.2002
MinimumVisualStudioVersion = 10.0.40219.1
Project("{888888A0-9F3D-457C-B088-3A5042F75D52}") = "DocLocker", "DocLocker.pyproj", "{CE9F5C28-99A9-402B-AE97-70E10A8AD1A2}"
EndProject
Global
	GlobalSection(SolutionConfigurationPlatforms) = preSolution
		Debug|Any CPU = Debug|Any CPU
		Release|Any CPU = Release|Any CPU
	EndGlobalSection
	GlobalSection(ProjectConfigurationPlatforms) = postSolution
		{CE9F5C28-99A9-402B-AE97-70E10A8AD1A2}.Debug|Any CPU.ActiveCfg = Debug|Any CPU
		{CE9F5C28-99A9-402B-AE97-70E10A8AD1A2}.Debug|Any CPU.Build.0 = Debug|Any CPU
		{CE9F5C28-99A9-402B-AE97-70E10A8AD1A2}.Release|Any CPU.ActiveCfg = Release|Any CPU
		{CE9F5C28-99A9-402B-AE97-70E10A8AD1A2}.Release|Any CPU.Build.0 = Release|Any CPU
	EndGlobalSection
	GlobalSection(SolutionProperties) = preSolution
		HideSolutionNode = FALSE
	EndGlobalSection
	GlobalSection(ExtensibilityGlobals) = postSolution
		SolutionGuid = {C051F185-2A1D-4FFC-B7A5-C76046AC6364}
	EndGlobalSection
EndGlobal
